{
  "name": "smartcity-data-upload-action",
  "version": "1.0.0",
  "lockfileVersion": 3,
  "requires": true,
  "packages": {
    "": {
      "name": "smartcity-data-upload-action",
      "version": "1.0.0",
      "license": "ISC",
      "dependencies": {
        "klaw": "^4.1.0"
      },
      "bin": {
        "smartcity-data-upload-action": "bin/excel2csv.js"
      }
    },
    "node_modules/klaw": {
      "version": "4.1.0",
      "resolved": "https://registry.npmjs.org/klaw/-/klaw-4.1.0.tgz",
      "integrity": "sha512-1zGZ9MF9H22UnkpVeuaGKOjfA2t6WrfdrJmGjy16ykcjnKQDmHVX+KI477rpbGevz/5FD4MC3xf1oxylBgcaQw==",
      "engines": {
        "node": ">=14.14.0"
      }
    }
  }
}
